
Microsoft Visual Studio Solution File, Format Version 12.00
# Visual Studio Version 16
VisualStudioVersion = 16.0.31702.278
MinimumVisualStudioVersion = 10.0.40219.1
Project("{FAE04EC0-301F-11D3-BF4B-00C04F79EFBC}") = "ConsoleApplication-Fall2021", "ConsoleApplication-Fall2021\ConsoleApplication-Fall2021.csproj", "{5CEE8A7C-5981-46FF-92B7-F401B72913C5}"
EndProject
Global
	GlobalSection(SolutionConfigurationPlatforms) = preSolution
		Debug|Any CPU = Debug|Any CPU
		Release|Any CPU = Release|Any CPU
	EndGlobalSection
	GlobalSection(ProjectConfigurationPlatforms) = postSolution
		{5CEE8A7C-5981-46FF-92B7-F401B72913C5}.Debug|Any CPU.ActiveCfg = Debug|Any CPU
		{5CEE8A7C-5981-46FF-92B7-F401B72913C5}.Debug|Any CPU.Build.0 = Debug|Any CPU
		{5CEE8A7C-5981-46FF-92B7-F401B72913C5}.Release|Any CPU.ActiveCfg = Release|Any CPU
		{5CEE8A7C-5981-46FF-92B7-F401B72913C5}.Release|Any CPU.Build.0 = Release|Any CPU
	EndGlobalSection
	GlobalSection(SolutionProperties) = preSolution
		HideSolutionNode = FALSE
	EndGlobalSection
	GlobalSection(ExtensibilityGlobals) = postSolution
		SolutionGuid = {D1F3ED0A-FA94-4140-AD30-398CA30F007F}
	EndGlobalSection
EndGlobal
